
Microsoft Visual Studio Solution File, Format Version 12.00
# Visual Studio Version 16
VisualStudioVersion = 16.0.31005.135
MinimumVisualStudioVersion = 10.0.40219.1
Project("{FAE04EC0-301F-11D3-BF4B-00C04F79EFBC}") = "LibInMemoryFileSystem", "LibInMemoryFileSystem\LibInMemoryFileSystem.csproj", "{5A4A22BA-4FD9-4644-BDD4-348B3BBDE9F0}"
EndProject
Project("{FAE04EC0-301F-11D3-BF4B-00C04F79EFBC}") = "InMemoryFSTest", "InMemoryFSTest\InMemoryFSTest.csproj", "{8700CE4E-9141-48D4-BD0B-DF16BA37A203}"
EndProject
Global
	GlobalSection(SolutionConfigurationPlatforms) = preSolution
		Debug|Any CPU = Debug|Any CPU
		Release|Any CPU = Release|Any CPU
	EndGlobalSection
	GlobalSection(ProjectConfigurationPlatforms) = postSolution
		{5A4A22BA-4FD9-4644-BDD4-348B3BBDE9F0}.Debug|Any CPU.ActiveCfg = Debug|Any CPU
		{5A4A22BA-4FD9-4644-BDD4-348B3BBDE9F0}.Debug|Any CPU.Build.0 = Debug|Any CPU
		{5A4A22BA-4FD9-4644-BDD4-348B3BBDE9F0}.Release|Any CPU.ActiveCfg = Release|Any CPU
		{5A4A22BA-4FD9-4644-BDD4-348B3BBDE9F0}.Release|Any CPU.Build.0 = Release|Any CPU
		{8700CE4E-9141-48D4-BD0B-DF16BA37A203}.Debug|Any CPU.ActiveCfg = Debug|Any CPU
		{8700CE4E-9141-48D4-BD0B-DF16BA37A203}.Debug|Any CPU.Build.0 = Debug|Any CPU
		{8700CE4E-9141-48D4-BD0B-DF16BA37A203}.Release|Any CPU.ActiveCfg = Release|Any CPU
		{8700CE4E-9141-48D4-BD0B-DF16BA37A203}.Release|Any CPU.Build.0 = Release|Any CPU
	EndGlobalSection
	GlobalSection(SolutionProperties) = preSolution
		HideSolutionNode = FALSE
	EndGlobalSection
	GlobalSection(ExtensibilityGlobals) = postSolution
		SolutionGuid = {51C6029B-5C42-4C51-90BD-BB5D0C2DA703}
	EndGlobalSection
EndGlobal
